
Microsoft Visual Studio Solution File, Format Version 12.00
# Visual Studio 15
VisualStudioVersion = 15.0.26730.16
MinimumVisualStudioVersion = 10.0.40219.1
Project("{9A19103F-16F7-4668-BE54-9A1E7A4F7556}") = "SmallBasketStudios.Audio.Data", "SmallBasketStudios.Audio.Data\SmallBasketStudios.Audio.Data.csproj", "{BA69CE9A-622E-4467-B25B-6CEA4A641C63}"
EndProject
Project("{9A19103F-16F7-4668-BE54-9A1E7A4F7556}") = "SmallBasketStudios.Audio.Test", "SmallBasketStudios.Audio.Test\SmallBasketStudios.Audio.Test.csproj", "{8100E68B-4220-4CCC-A628-755A242B7CB0}"
EndProject
Project("{9A19103F-16F7-4668-BE54-9A1E7A4F7556}") = "SmallBasketStudios.Audio.Api", "SmallBasketStudios.Audio.Api\SmallBasketStudios.Audio.Api.csproj", "{CC9A8A14-B1DC-4D83-830E-270A92977A86}"
EndProject
Project("{9A19103F-16F7-4668-BE54-9A1E7A4F7556}") = "SmallBasketStudios.Audio.WebLibrary", "SmallBasketStudios.Audio.WebLibrary\SmallBasketStudios.Audio.WebLibrary.csproj", "{1A41D9D4-8174-4E1C-8A12-520863D0A8AE}"
EndProject
Project("{9A19103F-16F7-4668-BE54-9A1E7A4F7556}") = "SmallBasketStudios.Audio.Repository", "SmallBasketStudios.Audio.Repository\SmallBasketStudios.Audio.Repository.csproj", "{804C1648-4728-42E9-9119-7170FBCFEB7A}"
EndProject
Global
	GlobalSection(SolutionConfigurationPlatforms) = preSolution
		Debug|Any CPU = Debug|Any CPU
		Release|Any CPU = Release|Any CPU
	EndGlobalSection
	GlobalSection(ProjectConfigurationPlatforms) = postSolution
		{BA69CE9A-622E-4467-B25B-6CEA4A641C63}.Debug|Any CPU.ActiveCfg = Debug|Any CPU
		{BA69CE9A-622E-4467-B25B-6CEA4A641C63}.Debug|Any CPU.Build.0 = Debug|Any CPU
		{BA69CE9A-622E-4467-B25B-6CEA4A641C63}.Release|Any CPU.ActiveCfg = Release|Any CPU
		{BA69CE9A-622E-4467-B25B-6CEA4A641C63}.Release|Any CPU.Build.0 = Release|Any CPU
		{8100E68B-4220-4CCC-A628-755A242B7CB0}.Debug|Any CPU.ActiveCfg = Debug|Any CPU
		{8100E68B-4220-4CCC-A628-755A242B7CB0}.Debug|Any CPU.Build.0 = Debug|Any CPU
		{8100E68B-4220-4CCC-A628-755A242B7CB0}.Release|Any CPU.ActiveCfg = Release|Any CPU
		{8100E68B-4220-4CCC-A628-755A242B7CB0}.Release|Any CPU.Build.0 = Release|Any CPU
		{CC9A8A14-B1DC-4D83-830E-270A92977A86}.Debug|Any CPU.ActiveCfg = Debug|Any CPU
		{CC9A8A14-B1DC-4D83-830E-270A92977A86}.Debug|Any CPU.Build.0 = Debug|Any CPU
		{CC9A8A14-B1DC-4D83-830E-270A92977A86}.Release|Any CPU.ActiveCfg = Release|Any CPU
		{CC9A8A14-B1DC-4D83-830E-270A92977A86}.Release|Any CPU.Build.0 = Release|Any CPU
		{1A41D9D4-8174-4E1C-8A12-520863D0A8AE}.Debug|Any CPU.ActiveCfg = Debug|Any CPU
		{1A41D9D4-8174-4E1C-8A12-520863D0A8AE}.Debug|Any CPU.Build.0 = Debug|Any CPU
		{1A41D9D4-8174-4E1C-8A12-520863D0A8AE}.Release|Any CPU.ActiveCfg = Release|Any CPU
		{1A41D9D4-8174-4E1C-8A12-520863D0A8AE}.Release|Any CPU.Build.0 = Release|Any CPU
		{804C1648-4728-42E9-9119-7170FBCFEB7A}.Debug|Any CPU.ActiveCfg = Debug|Any CPU
		{804C1648-4728-42E9-9119-7170FBCFEB7A}.Debug|Any CPU.Build.0 = Debug|Any CPU
		{804C1648-4728-42E9-9119-7170FBCFEB7A}.Release|Any CPU.ActiveCfg = Release|Any CPU
		{804C1648-4728-42E9-9119-7170FBCFEB7A}.Release|Any CPU.Build.0 = Release|Any CPU
	EndGlobalSection
	GlobalSection(SolutionProperties) = preSolution
		HideSolutionNode = FALSE
	EndGlobalSection
	GlobalSection(ExtensibilityGlobals) = postSolution
		SolutionGuid = {F4AE9EE7-1D0F-4550-B7F8-925D3C9AE7D6}
	EndGlobalSection
EndGlobal
